{
    "_meta": {
        "hash": {
            "sha256": "33d542762343904410240e13090dddc5d9408ab37b7d2223b2be9e9164f67e27"
        },
        "pipfile-spec": 6,
        "requires": {
            "python_version": "3.12"
        },
        "sources": [
            {
                "name": "pypi",
                "url": "https://pypi.org/simple",
                "verify_ssl": true
            }
        ]
    },
    "default": {
        "asgiref": "*",
        "astroid": "*",
        "autopep8": "*",
        "certifi": "*",
        "charset-normalizer": "*",
        "coreapi": "*",
        "coreschema": "*",
        "dill": "*",
        "django": "*",
        "django-anymail": "*",
        "django-cors-headers": "*",
        "django-picklefield": "*",
        "django-q2": "*",
        "django-webpack-loader": "*",
        "djangorestframework": "*",
        "gevent": "*",
        "greenlet": "*",
        "gunicorn": "*",
        "idna": "*",
        "importlib-metadata": "*",
        "isort": "*",
        "itypes": "*",
        "jinja2": "*",
        "markdown": "*",
        "markupsafe": "*",
        "mccabe": "*",
        "packaging": "*",
        "pip-licenses": "*",
        "platformdirs": "*",
        "postgres": "*",
        "prettytable": "*",
        "psycopg2-binary": "*",
        "pycodestyle": "*",
        "pylint": "*",
        "python-dateutil": "*",
        "pytz": "*",
        "pyyaml": "*",
        "requests": "*",
        "six": "*",
        "sqlparse": "*",
        "tomli": "*",
        "tomlkit": "*",
        "typing-extensions": "*",
        "uritemplate": "*",
        "urllib3": "*",
        "wcwidth": "*",
        "zipp": "*",
        "zope.event": "*",
        "zope.interface": "*"
    },
    "develop": {}
}
